
Microsoft Visual Studio Solution File, Format Version 12.00
# Visual Studio Version 16
VisualStudioVersion = 16.0.32126.315
MinimumVisualStudioVersion = 10.0.40219.1
Project("{FAE04EC0-301F-11D3-BF4B-00C04F79EFBC}") = "TTRCalc", "TTRCalc.csproj", "{BF0C8B32-31DC-49E1-9256-AB9A9CDFDE59}"
EndProject
Global
	GlobalSection(SolutionConfigurationPlatforms) = preSolution
		Debug|Any CPU = Debug|Any CPU
		Release|Any CPU = Release|Any CPU
	EndGlobalSection
	GlobalSection(ProjectConfigurationPlatforms) = postSolution
		{BF0C8B32-31DC-49E1-9256-AB9A9CDFDE59}.Debug|Any CPU.ActiveCfg = Debug|Any CPU
		{BF0C8B32-31DC-49E1-9256-AB9A9CDFDE59}.Debug|Any CPU.Build.0 = Debug|Any CPU
		{BF0C8B32-31DC-49E1-9256-AB9A9CDFDE59}.Release|Any CPU.ActiveCfg = Release|Any CPU
		{BF0C8B32-31DC-49E1-9256-AB9A9CDFDE59}.Release|Any CPU.Build.0 = Release|Any CPU
	EndGlobalSection
	GlobalSection(SolutionProperties) = preSolution
		HideSolutionNode = FALSE
	EndGlobalSection
	GlobalSection(ExtensibilityGlobals) = postSolution
		SolutionGuid = {319BFF71-954A-460A-AC5A-54B1567066D8}
	EndGlobalSection
EndGlobal
